
Microsoft Visual Studio Solution File, Format Version 12.00
# Visual Studio Version 16
VisualStudioVersion = 16.0.30225.117
MinimumVisualStudioVersion = 10.0.40219.1
Project("{FAE04EC0-301F-11D3-BF4B-00C04F79EFBC}") = "aula entrada", "aula entrada\aula entrada.csproj", "{008BE076-CDB6-426B-9752-6AE49C7AE770}"
EndProject
Global
	GlobalSection(SolutionConfigurationPlatforms) = preSolution
		Debug|Any CPU = Debug|Any CPU
		Release|Any CPU = Release|Any CPU
	EndGlobalSection
	GlobalSection(ProjectConfigurationPlatforms) = postSolution
		{008BE076-CDB6-426B-9752-6AE49C7AE770}.Debug|Any CPU.ActiveCfg = Debug|Any CPU
		{008BE076-CDB6-426B-9752-6AE49C7AE770}.Debug|Any CPU.Build.0 = Debug|Any CPU
		{008BE076-CDB6-426B-9752-6AE49C7AE770}.Release|Any CPU.ActiveCfg = Release|Any CPU
		{008BE076-CDB6-426B-9752-6AE49C7AE770}.Release|Any CPU.Build.0 = Release|Any CPU
	EndGlobalSection
	GlobalSection(SolutionProperties) = preSolution
		HideSolutionNode = FALSE
	EndGlobalSection
	GlobalSection(ExtensibilityGlobals) = postSolution
		SolutionGuid = {613AD7B9-7CB8-45E7-8603-52E273AF3D33}
	EndGlobalSection
EndGlobal
